// !$*UTF8*$!
{
	archiveVersion = 1;
	classes = {
	};
	objectVersion = 60;
	objects = {

/* Begin PBXBuildFile section */
		03428C5C6C2D5E3778D5332E /* Sources/FortressCore/Actor.swift in Sources */ = {isa = PBXBuildFile; fileRef = 34861D7FA116E98C139AC28D /* Sources/FortressCore/Actor.swift */; };
		14697F912CA11FAE7C08A608 /* DarkFortress/Presentation/PixelTextures.swift in Sources */ = {isa = PBXBuildFile; fileRef = B1B6D9C042F5696AAE966878 /* DarkFortress/Presentation/PixelTextures.swift */; };
		17401025B28BE5A1D4E84EA2 /* Sources/FortressCore/Grid.swift in Sources */ = {isa = PBXBuildFile; fileRef = A75D18920D72265D232C0E31 /* Sources/FortressCore/Grid.swift */; };
		18963518177793C17A34C1B0 /* Sources/FortressCore/Actor.swift in Sources */ = {isa = PBXBuildFile; fileRef = 34861D7FA116E98C139AC28D /* Sources/FortressCore/Actor.swift */; };
		197C851CC12FCD75613F6D98 /* Tests/FortressCoreTests/SkeletonHomeTests.swift in Sources */ = {isa = PBXBuildFile; fileRef = FFDE89DD5E0C1BC59175C9AD /* Tests/FortressCoreTests/SkeletonHomeTests.swift */; };
		1AF350639CD95C329D3B9D40 /* Sources/FortressCore/Pathfinder.swift in Sources */ = {isa = PBXBuildFile; fileRef = A86DE9F836D0A6D2DFDE9F0B /* Sources/FortressCore/Pathfinder.swift */; };
		33309D8394C248A3440EEBC3 /* DarkFortress/Resources/Pixel.atlas in Resources */ = {isa = PBXBuildFile; fileRef = 098586FBB1710A2E1695B801 /* DarkFortress/Resources/Pixel.atlas */; };
		3895764EEEBE64969562CC3A /* DarkFortress/Presentation/GameHUD.swift in Sources */ = {isa = PBXBuildFile; fileRef = B7FA2115A5975F32C0A8045C /* DarkFortress/Presentation/GameHUD.swift */; };
		38FC79B13234C679488D5FF8 /* DarkFortress/Development/ArtVariationGeneratorViewController.swift in Sources */ = {isa = PBXBuildFile; fileRef = CD59D3D2EA359FE573C6562A /* DarkFortress/Development/ArtVariationGeneratorViewController.swift */; };
		3CDD74DF3743DFA6D6675814 /* DarkFortress/App/AppDelegate.swift in Sources */ = {isa = PBXBuildFile; fileRef = 1EF68D214B8500C87BE2D7AF /* DarkFortress/App/AppDelegate.swift */; };
		4847740FC6CFF6B500D7FC9B /* Tests/FortressCoreTests/SkeletonTests.swift in Sources */ = {isa = PBXBuildFile; fileRef = 9641021D6D285B8FBCB1A3CA /* Tests/FortressCoreTests/SkeletonTests.swift */; };
		52E9C6CE36C00F667F071A22 /* DarkFortress/Resources/palette.json in Resources */ = {isa = PBXBuildFile; fileRef = 078D6653CBF67994998D2E6B /* DarkFortress/Resources/palette.json */; };
		581CD90CF956C3B26E89491E /* Sources/FortressCore/World.swift in Sources */ = {isa = PBXBuildFile; fileRef = E1687523ED70A15290B6F749 /* Sources/FortressCore/World.swift */; };
		5AC7E8002D39EBA7325ECC7C /* Sources/FortressCore/Simulation.swift in Sources */ = {isa = PBXBuildFile; fileRef = BAEA9E31871A92CFDAA2BD24 /* Sources/FortressCore/Simulation.swift */; };
		5AFE16D38A5FE0BA195BA2AF /* DarkFortress/Presentation/GamePalette.swift in Sources */ = {isa = PBXBuildFile; fileRef = 761EDECE1795F71D19BBC583 /* DarkFortress/Presentation/GamePalette.swift */; };
		5E7FB00F92023BB89C2EAAE6 /* DarkFortress/Development/ArtworkGridView.swift in Sources */ = {isa = PBXBuildFile; fileRef = AA48CC88DB1E4A3CC97B291E /* DarkFortress/Development/ArtworkGridView.swift */; };
		6E459FE6151E55A65A039575 /* DarkFortressUITests/GameUITests.swift in Sources */ = {isa = PBXBuildFile; fileRef = 8A241E2E48637C3217539818 /* DarkFortressUITests/GameUITests.swift */; };
		6FB4E54C195E3CE29537BD9E /* DarkFortress/Development/ArtworkRepository.swift in Sources */ = {isa = PBXBuildFile; fileRef = C6EC982AE96D2805878483BC /* DarkFortress/Development/ArtworkRepository.swift */; };
		720FE5D87625D01F4B9CCFB7 /* Sources/FortressCore/Room.swift in Sources */ = {isa = PBXBuildFile; fileRef = D9EEE6E451A9B08A8F4AFB5A /* Sources/FortressCore/Room.swift */; };
		72A9C51DF891594F35EB77E2 /* DarkFortress/Resources/Assets.xcassets in Resources */ = {isa = PBXBuildFile; fileRef = C210A3C4B19C7355107B648B /* DarkFortress/Resources/Assets.xcassets */; };
		74873A097D968E09C1E7B1B4 /* Tests/FortressCoreTests/FortressCoreTests.swift in Sources */ = {isa = PBXBuildFile; fileRef = 05E40DA17CFE3C880AB47A56 /* Tests/FortressCoreTests/FortressCoreTests.swift */; };
		8EFD792FF17438652FC9A100 /* Sources/FortressCore/Grid.swift in Sources */ = {isa = PBXBuildFile; fileRef = A75D18920D72265D232C0E31 /* Sources/FortressCore/Grid.swift */; };
		9A284DFEDA597BFBC279B212 /* DarkFortress/App/SceneDelegate.swift in Sources */ = {isa = PBXBuildFile; fileRef = 21EE3DDBBA1117EBE2AEBBE2 /* DarkFortress/App/SceneDelegate.swift */; };
		9A4CFFFDD08D3CCE9368F417 /* DarkFortress/App/AdminViewController.swift in Sources */ = {isa = PBXBuildFile; fileRef = 9E61B777C9AD0070D661AA0A /* DarkFortress/App/AdminViewController.swift */; };
		9B3E77E66D787077638882DF /* Sources/FortressCore/Simulation.swift in Sources */ = {isa = PBXBuildFile; fileRef = BAEA9E31871A92CFDAA2BD24 /* Sources/FortressCore/Simulation.swift */; };
		9EB57093A9876F66307159B2 /* DarkFortress/Presentation/ActorNode.swift in Sources */ = {isa = PBXBuildFile; fileRef = AD3B8A05450E5075E5FA8044 /* DarkFortress/Presentation/ActorNode.swift */; };
		A384DA07C6DEAD578D70E60D /* FortressArt in Frameworks */ = {isa = PBXBuildFile; productRef = 79FDD98E6C444EFD88C4BCC0 /* FortressArt */; };
		B5DA482770872ABC420E7D0C /* DarkFortress/App/GameViewController.swift in Sources */ = {isa = PBXBuildFile; fileRef = ACF2F7FA92B96816CCF236A9 /* DarkFortress/App/GameViewController.swift */; };
		BBC8B4AE80BCA8D5AB1DB867 /* Sources/FortressCore/Pathfinder.swift in Sources */ = {isa = PBXBuildFile; fileRef = A86DE9F836D0A6D2DFDE9F0B /* Sources/FortressCore/Pathfinder.swift */; };
		DB7EC2F1FE97BC8B0E93B991 /* Sources/FortressCore/World.swift in Sources */ = {isa = PBXBuildFile; fileRef = E1687523ED70A15290B6F749 /* Sources/FortressCore/World.swift */; };
		E4504F0A009D5C7D2913701E /* Sources/FortressCore/Room.swift in Sources */ = {isa = PBXBuildFile; fileRef = D9EEE6E451A9B08A8F4AFB5A /* Sources/FortressCore/Room.swift */; };
		E65CFE111CCAFB8F48CB26F2 /* Tests/FortressCoreTests/CorpseTests.swift in Sources */ = {isa = PBXBuildFile; fileRef = 008F972D2EC009FF41F5A5AD /* Tests/FortressCoreTests/CorpseTests.swift */; };
		F4AFF4292633A5AA0A2A4FEF /* DarkFortress/Presentation/GameScene.swift in Sources */ = {isa = PBXBuildFile; fileRef = 30779E7783F78B696E26ADE8 /* DarkFortress/Presentation/GameScene.swift */; };
		FE443AED3989FA2909108FB9 /* DarkFortress/Presentation/PathOverlay.swift in Sources */ = {isa = PBXBuildFile; fileRef = 5E95250C6ED35277EBB24B89 /* DarkFortress/Presentation/PathOverlay.swift */; };
/* End PBXBuildFile section */

/* Begin PBXContainerItemProxy section */
		0EE150A877EDB6F14DFD2720 /* PBXContainerItemProxy */ = {
			isa = PBXContainerItemProxy;
			containerPortal = 98F54143AB4E86B28C3AFEE0 /* Project object */;
			proxyType = 1;
			remoteGlobalIDString = 3977F81C256D1EC081C03818;
			remoteInfo = DarkFortress;
		};
		5AC55D543D5279ED9F02B2E1 /* PBXContainerItemProxy */ = {
			isa = PBXContainerItemProxy;
			containerPortal = 98F54143AB4E86B28C3AFEE0 /* Project object */;
			proxyType = 1;
			remoteGlobalIDString = 3977F81C256D1EC081C03818;
			remoteInfo = DarkFortress;
		};
/* End PBXContainerItemProxy section */

/* Begin PBXFileReference section */
		008F972D2EC009FF41F5A5AD /* Tests/FortressCoreTests/CorpseTests.swift */ = {isa = PBXFileReference; lastKnownFileType = sourcecode.swift; path = Tests/FortressCoreTests/CorpseTests.swift; sourceTree = SOURCE_ROOT; };
		05E40DA17CFE3C880AB47A56 /* Tests/FortressCoreTests/FortressCoreTests.swift */ = {isa = PBXFileReference; lastKnownFileType = sourcecode.swift; path = Tests/FortressCoreTests/FortressCoreTests.swift; sourceTree = SOURCE_ROOT; };
		078D6653CBF67994998D2E6B /* DarkFortress/Resources/palette.json */ = {isa = PBXFileReference; lastKnownFileType = text.json; path = DarkFortress/Resources/palette.json; sourceTree = SOURCE_ROOT; };
		098586FBB1710A2E1695B801 /* DarkFortress/Resources/Pixel.atlas */ = {isa = PBXFileReference; lastKnownFileType = folder.skatlas; path = DarkFortress/Resources/Pixel.atlas; sourceTree = SOURCE_ROOT; };
		1EF68D214B8500C87BE2D7AF /* DarkFortress/App/AppDelegate.swift */ = {isa = PBXFileReference; lastKnownFileType = sourcecode.swift; path = DarkFortress/App/AppDelegate.swift; sourceTree = SOURCE_ROOT; };
		21EE3DDBBA1117EBE2AEBBE2 /* DarkFortress/App/SceneDelegate.swift */ = {isa = PBXFileReference; lastKnownFileType = sourcecode.swift; path = DarkFortress/App/SceneDelegate.swift; sourceTree = SOURCE_ROOT; };
		30779E7783F78B696E26ADE8 /* DarkFortress/Presentation/GameScene.swift */ = {isa = PBXFileReference; lastKnownFileType = sourcecode.swift; path = DarkFortress/Presentation/GameScene.swift; sourceTree = SOURCE_ROOT; };
		34861D7FA116E98C139AC28D /* Sources/FortressCore/Actor.swift */ = {isa = PBXFileReference; lastKnownFileType = sourcecode.swift; path = Sources/FortressCore/Actor.swift; sourceTree = SOURCE_ROOT; };
		5E95250C6ED35277EBB24B89 /* DarkFortress/Presentation/PathOverlay.swift */ = {isa = PBXFileReference; lastKnownFileType = sourcecode.swift; path = DarkFortress/Presentation/PathOverlay.swift; sourceTree = SOURCE_ROOT; };
		6DA04CA0BF826FDBC9DBF9DF /* DarkFortress.app */ = {isa = PBXFileReference; explicitFileType = wrapper.application; includeInIndex = 0; path = DarkFortress.app; sourceTree = BUILT_PRODUCTS_DIR; };
		71D7F1135FB3461AA4F73861 /* FortressCoreTests.xctest */ = {isa = PBXFileReference; explicitFileType = wrapper.cfbundle; includeInIndex = 0; path = FortressCoreTests.xctest; sourceTree = BUILT_PRODUCTS_DIR; };
		761EDECE1795F71D19BBC583 /* DarkFortress/Presentation/GamePalette.swift */ = {isa = PBXFileReference; lastKnownFileType = sourcecode.swift; path = DarkFortress/Presentation/GamePalette.swift; sourceTree = SOURCE_ROOT; };
		8A241E2E48637C3217539818 /* DarkFortressUITests/GameUITests.swift */ = {isa = PBXFileReference; lastKnownFileType = sourcecode.swift; path = DarkFortressUITests/GameUITests.swift; sourceTree = SOURCE_ROOT; };
		9641021D6D285B8FBCB1A3CA /* Tests/FortressCoreTests/SkeletonTests.swift */ = {isa = PBXFileReference; lastKnownFileType = sourcecode.swift; path = Tests/FortressCoreTests/SkeletonTests.swift; sourceTree = SOURCE_ROOT; };
		9E61B777C9AD0070D661AA0A /* DarkFortress/App/AdminViewController.swift */ = {isa = PBXFileReference; lastKnownFileType = sourcecode.swift; path = DarkFortress/App/AdminViewController.swift; sourceTree = SOURCE_ROOT; };
		A75D18920D72265D232C0E31 /* Sources/FortressCore/Grid.swift */ = {isa = PBXFileReference; lastKnownFileType = sourcecode.swift; path = Sources/FortressCore/Grid.swift; sourceTree = SOURCE_ROOT; };
		A86DE9F836D0A6D2DFDE9F0B /* Sources/FortressCore/Pathfinder.swift */ = {isa = PBXFileReference; lastKnownFileType = sourcecode.swift; path = Sources/FortressCore/Pathfinder.swift; sourceTree = SOURCE_ROOT; };
		AA48CC88DB1E4A3CC97B291E /* DarkFortress/Development/ArtworkGridView.swift */ = {isa = PBXFileReference; lastKnownFileType = sourcecode.swift; path = DarkFortress/Development/ArtworkGridView.swift; sourceTree = SOURCE_ROOT; };
		ACF2F7FA92B96816CCF236A9 /* DarkFortress/App/GameViewController.swift */ = {isa = PBXFileReference; lastKnownFileType = sourcecode.swift; path = DarkFortress/App/GameViewController.swift; sourceTree = SOURCE_ROOT; };
		AD3B8A05450E5075E5FA8044 /* DarkFortress/Presentation/ActorNode.swift */ = {isa = PBXFileReference; lastKnownFileType = sourcecode.swift; path = DarkFortress/Presentation/ActorNode.swift; sourceTree = SOURCE_ROOT; };
		B1B6D9C042F5696AAE966878 /* DarkFortress/Presentation/PixelTextures.swift */ = {isa = PBXFileReference; lastKnownFileType = sourcecode.swift; path = DarkFortress/Presentation/PixelTextures.swift; sourceTree = SOURCE_ROOT; };
		B483166B8F69B64C8CA2EEB8 /* project_principles.md */ = {isa = PBXFileReference; lastKnownFileType = net.daringfireball.markdown; path = project_principles.md; sourceTree = SOURCE_ROOT; };
		B7E3D714D8AA04A3566C586E /* DarkFortressUITests.xctest */ = {isa = PBXFileReference; explicitFileType = wrapper.cfbundle; includeInIndex = 0; path = DarkFortressUITests.xctest; sourceTree = BUILT_PRODUCTS_DIR; };
		B7FA2115A5975F32C0A8045C /* DarkFortress/Presentation/GameHUD.swift */ = {isa = PBXFileReference; lastKnownFileType = sourcecode.swift; path = DarkFortress/Presentation/GameHUD.swift; sourceTree = SOURCE_ROOT; };
		BAEA9E31871A92CFDAA2BD24 /* Sources/FortressCore/Simulation.swift */ = {isa = PBXFileReference; lastKnownFileType = sourcecode.swift; path = Sources/FortressCore/Simulation.swift; sourceTree = SOURCE_ROOT; };
		BEFCA83058A383FFE82EF1DC /* DarkFortress/Info.plist */ = {isa = PBXFileReference; lastKnownFileType = text.plist.xml; path = DarkFortress/Info.plist; sourceTree = SOURCE_ROOT; };
		C210A3C4B19C7355107B648B /* DarkFortress/Resources/Assets.xcassets */ = {isa = PBXFileReference; lastKnownFileType = folder.assetcatalog; path = DarkFortress/Resources/Assets.xcassets; sourceTree = SOURCE_ROOT; };
		C6EC982AE96D2805878483BC /* DarkFortress/Development/ArtworkRepository.swift */ = {isa = PBXFileReference; lastKnownFileType = sourcecode.swift; path = DarkFortress/Development/ArtworkRepository.swift; sourceTree = SOURCE_ROOT; };
		CD59D3D2EA359FE573C6562A /* DarkFortress/Development/ArtVariationGeneratorViewController.swift */ = {isa = PBXFileReference; lastKnownFileType = sourcecode.swift; path = DarkFortress/Development/ArtVariationGeneratorViewController.swift; sourceTree = SOURCE_ROOT; };
		D9EEE6E451A9B08A8F4AFB5A /* Sources/FortressCore/Room.swift */ = {isa = PBXFileReference; lastKnownFileType = sourcecode.swift; path = Sources/FortressCore/Room.swift; sourceTree = SOURCE_ROOT; };
		E1687523ED70A15290B6F749 /* Sources/FortressCore/World.swift */ = {isa = PBXFileReference; lastKnownFileType = sourcecode.swift; path = Sources/FortressCore/World.swift; sourceTree = SOURCE_ROOT; };
		E4C41C548EF34772EFF6A9F7 /* game_principles.md */ = {isa = PBXFileReference; lastKnownFileType = net.daringfireball.markdown; path = game_principles.md; sourceTree = SOURCE_ROOT; };
		FFDE89DD5E0C1BC59175C9AD /* Tests/FortressCoreTests/SkeletonHomeTests.swift */ = {isa = PBXFileReference; lastKnownFileType = sourcecode.swift; path = Tests/FortressCoreTests/SkeletonHomeTests.swift; sourceTree = SOURCE_ROOT; };
/* End PBXFileReference section */

/* Begin PBXFrameworksBuildPhase section */
		59CC33CE7F4C075AF7E0F825 /* Frameworks */ = {
			isa = PBXFrameworksBuildPhase;
			buildActionMask = 2147483647;
			files = (
			);
			runOnlyForDeploymentPostprocessing = 0;
		};
		741DEC396BB5443C1FBB9D46 /* Frameworks */ = {
			isa = PBXFrameworksBuildPhase;
			buildActionMask = 2147483647;
			files = (
				A384DA07C6DEAD578D70E60D /* FortressArt in Frameworks */,
			);
			runOnlyForDeploymentPostprocessing = 0;
		};
		C692241D2C891FC9D04FD22A /* Frameworks */ = {
			isa = PBXFrameworksBuildPhase;
			buildActionMask = 2147483647;
			files = (
			);
			runOnlyForDeploymentPostprocessing = 0;
		};
/* End PBXFrameworksBuildPhase section */

/* Begin PBXGroup section */
		0AD8FCFBC668D12D6FC0A74B /* Principles */ = {
			isa = PBXGroup;
			children = (
				B483166B8F69B64C8CA2EEB8 /* project_principles.md */,
				E4C41C548EF34772EFF6A9F7 /* game_principles.md */,
			);
			name = Principles;
			sourceTree = "<group>";
		};
		156052F04525D0F710673CF0 /* Tests */ = {
			isa = PBXGroup;
			children = (
				008F972D2EC009FF41F5A5AD /* Tests/FortressCoreTests/CorpseTests.swift */,
				05E40DA17CFE3C880AB47A56 /* Tests/FortressCoreTests/FortressCoreTests.swift */,
				FFDE89DD5E0C1BC59175C9AD /* Tests/FortressCoreTests/SkeletonHomeTests.swift */,
				9641021D6D285B8FBCB1A3CA /* Tests/FortressCoreTests/SkeletonTests.swift */,
				8A241E2E48637C3217539818 /* DarkFortressUITests/GameUITests.swift */,
			);
			name = Tests;
			sourceTree = "<group>";
		};
		1C48CE29E4E135EE62951B22 /* App */ = {
			isa = PBXGroup;
			children = (
				9E61B777C9AD0070D661AA0A /* DarkFortress/App/AdminViewController.swift */,
				1EF68D214B8500C87BE2D7AF /* DarkFortress/App/AppDelegate.swift */,
				ACF2F7FA92B96816CCF236A9 /* DarkFortress/App/GameViewController.swift */,
				21EE3DDBBA1117EBE2AEBBE2 /* DarkFortress/App/SceneDelegate.swift */,
			);
			name = App;
			sourceTree = "<group>";
		};
		44DFDB44171A57B2ED6C62D8 /* Dark Fortress */ = {
			isa = PBXGroup;
			children = (
				1C48CE29E4E135EE62951B22 /* App */,
				BEE5558D0BB552A58936C015 /* Presentation */,
				C0CC39B5A5B712F3D105BBDF /* Development */,
				A6D28BB20DF74CA8575431D1 /* Fortress Core */,
				A024F06580C79B7582C3806A /* Resources */,
				156052F04525D0F710673CF0 /* Tests */,
				0AD8FCFBC668D12D6FC0A74B /* Principles */,
				5151B46607EBC8890D8DFCC2 /* Products */,
			);
			name = "Dark Fortress";
			sourceTree = "<group>";
		};
		5151B46607EBC8890D8DFCC2 /* Products */ = {
			isa = PBXGroup;
			children = (
				6DA04CA0BF826FDBC9DBF9DF /* DarkFortress.app */,
				71D7F1135FB3461AA4F73861 /* FortressCoreTests.xctest */,
				B7E3D714D8AA04A3566C586E /* DarkFortressUITests.xctest */,
			);
			name = Products;
			sourceTree = "<group>";
		};
		A024F06580C79B7582C3806A /* Resources */ = {
			isa = PBXGroup;
			children = (
				098586FBB1710A2E1695B801 /* DarkFortress/Resources/Pixel.atlas */,
				C210A3C4B19C7355107B648B /* DarkFortress/Resources/Assets.xcassets */,
				078D6653CBF67994998D2E6B /* DarkFortress/Resources/palette.json */,
				BEFCA83058A383FFE82EF1DC /* DarkFortress/Info.plist */,
			);
			name = Resources;
			sourceTree = "<group>";
		};
		A6D28BB20DF74CA8575431D1 /* Fortress Core */ = {
			isa = PBXGroup;
			children = (
				34861D7FA116E98C139AC28D /* Sources/FortressCore/Actor.swift */,
				A75D18920D72265D232C0E31 /* Sources/FortressCore/Grid.swift */,
				A86DE9F836D0A6D2DFDE9F0B /* Sources/FortressCore/Pathfinder.swift */,
				D9EEE6E451A9B08A8F4AFB5A /* Sources/FortressCore/Room.swift */,
				BAEA9E31871A92CFDAA2BD24 /* Sources/FortressCore/Simulation.swift */,
				E1687523ED70A15290B6F749 /* Sources/FortressCore/World.swift */,
			);
			name = "Fortress Core";
			sourceTree = "<group>";
		};
		BEE5558D0BB552A58936C015 /* Presentation */ = {
			isa = PBXGroup;
			children = (
				AD3B8A05450E5075E5FA8044 /* DarkFortress/Presentation/ActorNode.swift */,
				B7FA2115A5975F32C0A8045C /* DarkFortress/Presentation/GameHUD.swift */,
				761EDECE1795F71D19BBC583 /* DarkFortress/Presentation/GamePalette.swift */,
				30779E7783F78B696E26ADE8 /* DarkFortress/Presentation/GameScene.swift */,
				5E95250C6ED35277EBB24B89 /* DarkFortress/Presentation/PathOverlay.swift */,
				B1B6D9C042F5696AAE966878 /* DarkFortress/Presentation/PixelTextures.swift */,
			);
			name = Presentation;
			sourceTree = "<group>";
		};
		C0CC39B5A5B712F3D105BBDF /* Development */ = {
			isa = PBXGroup;
			children = (
				CD59D3D2EA359FE573C6562A /* DarkFortress/Development/ArtVariationGeneratorViewController.swift */,
				AA48CC88DB1E4A3CC97B291E /* DarkFortress/Development/ArtworkGridView.swift */,
				C6EC982AE96D2805878483BC /* DarkFortress/Development/ArtworkRepository.swift */,
			);
			name = Development;
			sourceTree = "<group>";
		};
/* End PBXGroup section */

/* Begin PBXNativeTarget section */
		019470E63257EA7C016CE427 /* FortressCoreTests */ = {
			isa = PBXNativeTarget;
			buildConfigurationList = 3245E772624D4EB8A2B66A0F /* Build configuration list for PBXNativeTarget "FortressCoreTests" */;
			buildPhases = (
				654420764BA8A57BC3CB1B12 /* Sources */,
				C692241D2C891FC9D04FD22A /* Frameworks */,
				3EF04CB9C7EC3C1C29B413E8 /* Resources */,
			);
			buildRules = (
			);
			dependencies = (
				E2CA9B72DF4F3820AE5D9E09 /* PBXTargetDependency */,
			);
			name = FortressCoreTests;
			packageProductDependencies = (
			);
			productName = FortressCoreTests;
			productReference = 71D7F1135FB3461AA4F73861 /* FortressCoreTests.xctest */;
			productType = "com.apple.product-type.bundle.unit-test";
		};
		3977F81C256D1EC081C03818 /* DarkFortress */ = {
			isa = PBXNativeTarget;
			buildConfigurationList = 352286E120CB3317D51F12DE /* Build configuration list for PBXNativeTarget "DarkFortress" */;
			buildPhases = (
				64DA5AEBB5A8A6344F5B3ADB /* Sources */,
				741DEC396BB5443C1FBB9D46 /* Frameworks */,
				E53D28A4611B3F49B24A45E2 /* Resources */,
			);
			buildRules = (
			);
			dependencies = (
			);
			name = DarkFortress;
			packageProductDependencies = (
				79FDD98E6C444EFD88C4BCC0 /* FortressArt */,
			);
			productName = DarkFortress;
			productReference = 6DA04CA0BF826FDBC9DBF9DF /* DarkFortress.app */;
			productType = "com.apple.product-type.application";
		};
		408ACDBB781C0B39216BFE7F /* DarkFortressUITests */ = {
			isa = PBXNativeTarget;
			buildConfigurationList = C7BCDD3982CA64FC951167C4 /* Build configuration list for PBXNativeTarget "DarkFortressUITests" */;
			buildPhases = (
				DE188D66EA331D0E9865C2CF /* Sources */,
				59CC33CE7F4C075AF7E0F825 /* Frameworks */,
				C2E401D773BC622C25EAC579 /* Resources */,
			);
			buildRules = (
			);
			dependencies = (
				7E6204DD7A7AF6514FCDB9A4 /* PBXTargetDependency */,
			);
			name = DarkFortressUITests;
			packageProductDependencies = (
			);
			productName = DarkFortressUITests;
			productReference = B7E3D714D8AA04A3566C586E /* DarkFortressUITests.xctest */;
			productType = "com.apple.product-type.bundle.ui-testing";
		};
/* End PBXNativeTarget section */

/* Begin PBXProject section */
		98F54143AB4E86B28C3AFEE0 /* Project object */ = {
			isa = PBXProject;
			attributes = {
				BuildIndependentTargetsInParallel = YES;
				LastUpgradeCheck = 2600;
				TargetAttributes = {
					019470E63257EA7C016CE427 = {
						CreatedOnToolsVersion = 26.0;
						TestTargetID = 3977F81C256D1EC081C03818;
					};
					3977F81C256D1EC081C03818 = {
						CreatedOnToolsVersion = 26.0;
					};
					408ACDBB781C0B39216BFE7F = {
						CreatedOnToolsVersion = 26.0;
						TestTargetID = 3977F81C256D1EC081C03818;
					};
				};
			};
			buildConfigurationList = 247BF104A9AD002C539DA531 /* Build configuration list for PBXProject "DarkFortress" */;
			compatibilityVersion = "Xcode 14.0";
			developmentRegion = en;
			hasScannedForEncodings = 0;
			knownRegions = (
				en,
				Base,
			);
			mainGroup = 44DFDB44171A57B2ED6C62D8 /* Dark Fortress */;
			packageReferences = (
				6E4D73D8F50AAE34649E13FE /* XCLocalSwiftPackageReference "." */,
			);
			productRefGroup = 5151B46607EBC8890D8DFCC2 /* Products */;
			projectDirPath = "";
			projectRoot = "";
			targets = (
				3977F81C256D1EC081C03818 /* DarkFortress */,
				019470E63257EA7C016CE427 /* FortressCoreTests */,
				408ACDBB781C0B39216BFE7F /* DarkFortressUITests */,
			);
		};
/* End PBXProject section */

/* Begin PBXResourcesBuildPhase section */
		3EF04CB9C7EC3C1C29B413E8 /* Resources */ = {
			isa = PBXResourcesBuildPhase;
			buildActionMask = 2147483647;
			files = (
			);
			runOnlyForDeploymentPostprocessing = 0;
		};
		C2E401D773BC622C25EAC579 /* Resources */ = {
			isa = PBXResourcesBuildPhase;
			buildActionMask = 2147483647;
			files = (
			);
			runOnlyForDeploymentPostprocessing = 0;
		};
		E53D28A4611B3F49B24A45E2 /* Resources */ = {
			isa = PBXResourcesBuildPhase;
			buildActionMask = 2147483647;
			files = (
				33309D8394C248A3440EEBC3 /* DarkFortress/Resources/Pixel.atlas in Resources */,
				72A9C51DF891594F35EB77E2 /* DarkFortress/Resources/Assets.xcassets in Resources */,
				52E9C6CE36C00F667F071A22 /* DarkFortress/Resources/palette.json in Resources */,
			);
			runOnlyForDeploymentPostprocessing = 0;
		};
/* End PBXResourcesBuildPhase section */

/* Begin PBXSourcesBuildPhase section */
		64DA5AEBB5A8A6344F5B3ADB /* Sources */ = {
			isa = PBXSourcesBuildPhase;
			buildActionMask = 2147483647;
			files = (
				18963518177793C17A34C1B0 /* Sources/FortressCore/Actor.swift in Sources */,
				17401025B28BE5A1D4E84EA2 /* Sources/FortressCore/Grid.swift in Sources */,
				1AF350639CD95C329D3B9D40 /* Sources/FortressCore/Pathfinder.swift in Sources */,
				720FE5D87625D01F4B9CCFB7 /* Sources/FortressCore/Room.swift in Sources */,
				5AC7E8002D39EBA7325ECC7C /* Sources/FortressCore/Simulation.swift in Sources */,
				581CD90CF956C3B26E89491E /* Sources/FortressCore/World.swift in Sources */,
				9A4CFFFDD08D3CCE9368F417 /* DarkFortress/App/AdminViewController.swift in Sources */,
				3CDD74DF3743DFA6D6675814 /* DarkFortress/App/AppDelegate.swift in Sources */,
				B5DA482770872ABC420E7D0C /* DarkFortress/App/GameViewController.swift in Sources */,
				9A284DFEDA597BFBC279B212 /* DarkFortress/App/SceneDelegate.swift in Sources */,
				9EB57093A9876F66307159B2 /* DarkFortress/Presentation/ActorNode.swift in Sources */,
				3895764EEEBE64969562CC3A /* DarkFortress/Presentation/GameHUD.swift in Sources */,
				5AFE16D38A5FE0BA195BA2AF /* DarkFortress/Presentation/GamePalette.swift in Sources */,
				F4AFF4292633A5AA0A2A4FEF /* DarkFortress/Presentation/GameScene.swift in Sources */,
				FE443AED3989FA2909108FB9 /* DarkFortress/Presentation/PathOverlay.swift in Sources */,
				14697F912CA11FAE7C08A608 /* DarkFortress/Presentation/PixelTextures.swift in Sources */,
				38FC79B13234C679488D5FF8 /* DarkFortress/Development/ArtVariationGeneratorViewController.swift in Sources */,
				5E7FB00F92023BB89C2EAAE6 /* DarkFortress/Development/ArtworkGridView.swift in Sources */,
				6FB4E54C195E3CE29537BD9E /* DarkFortress/Development/ArtworkRepository.swift in Sources */,
			);
			runOnlyForDeploymentPostprocessing = 0;
		};
		654420764BA8A57BC3CB1B12 /* Sources */ = {
			isa = PBXSourcesBuildPhase;
			buildActionMask = 2147483647;
			files = (
				03428C5C6C2D5E3778D5332E /* Sources/FortressCore/Actor.swift in Sources */,
				8EFD792FF17438652FC9A100 /* Sources/FortressCore/Grid.swift in Sources */,
				BBC8B4AE80BCA8D5AB1DB867 /* Sources/FortressCore/Pathfinder.swift in Sources */,
				E4504F0A009D5C7D2913701E /* Sources/FortressCore/Room.swift in Sources */,
				9B3E77E66D787077638882DF /* Sources/FortressCore/Simulation.swift in Sources */,
				DB7EC2F1FE97BC8B0E93B991 /* Sources/FortressCore/World.swift in Sources */,
				E65CFE111CCAFB8F48CB26F2 /* Tests/FortressCoreTests/CorpseTests.swift in Sources */,
				74873A097D968E09C1E7B1B4 /* Tests/FortressCoreTests/FortressCoreTests.swift in Sources */,
				197C851CC12FCD75613F6D98 /* Tests/FortressCoreTests/SkeletonHomeTests.swift in Sources */,
				4847740FC6CFF6B500D7FC9B /* Tests/FortressCoreTests/SkeletonTests.swift in Sources */,
			);
			runOnlyForDeploymentPostprocessing = 0;
		};
		DE188D66EA331D0E9865C2CF /* Sources */ = {
			isa = PBXSourcesBuildPhase;
			buildActionMask = 2147483647;
			files = (
				6E459FE6151E55A65A039575 /* DarkFortressUITests/GameUITests.swift in Sources */,
			);
			runOnlyForDeploymentPostprocessing = 0;
		};
/* End PBXSourcesBuildPhase section */

/* Begin PBXTargetDependency section */
		7E6204DD7A7AF6514FCDB9A4 /* PBXTargetDependency */ = {
			isa = PBXTargetDependency;
			target = 3977F81C256D1EC081C03818 /* DarkFortress */;
			targetProxy = 5AC55D543D5279ED9F02B2E1 /* PBXContainerItemProxy */;
		};
		E2CA9B72DF4F3820AE5D9E09 /* PBXTargetDependency */ = {
			isa = PBXTargetDependency;
			target = 3977F81C256D1EC081C03818 /* DarkFortress */;
			targetProxy = 0EE150A877EDB6F14DFD2720 /* PBXContainerItemProxy */;
		};
/* End PBXTargetDependency section */

/* Begin XCBuildConfiguration section */
		1D0ACC58A3755B83C91D0507 /* Release */ = {
			isa = XCBuildConfiguration;
			buildSettings = {
				CODE_SIGN_STYLE = Automatic;
				GENERATE_INFOPLIST_FILE = YES;
				LD_RUNPATH_SEARCH_PATHS = (
					"$(inherited)",
					"@executable_path/Frameworks",
				);
				PRODUCT_BUNDLE_IDENTIFIER = com.aaronshaver.darkfortress.DarkFortressUITests;
				PRODUCT_NAME = "$(TARGET_NAME)";
				TEST_TARGET_NAME = DarkFortress;
			};
			name = Release;
		};
		3432A7BE1CB338CDB992C5CA /* Release */ = {
			isa = XCBuildConfiguration;
			buildSettings = {
				ASSETCATALOG_COMPILER_APPICON_NAME = AppIcon;
				ASSETCATALOG_COMPILER_GLOBAL_ACCENT_COLOR_NAME = "";
				CODE_SIGN_STYLE = Automatic;
				CURRENT_PROJECT_VERSION = 1;
				DEVELOPMENT_TEAM = H674SXT546;
				GENERATE_INFOPLIST_FILE = NO;
				INFOPLIST_FILE = DarkFortress/Info.plist;
				LD_RUNPATH_SEARCH_PATHS = (
					"$(inherited)",
					"@executable_path/Frameworks",
				);
				MARKETING_VERSION = 0.2.0;
				PRODUCT_BUNDLE_IDENTIFIER = com.aaronshaver.darkfortress;
				PRODUCT_NAME = "$(TARGET_NAME)";
			};
			name = Release;
		};
		53418BF13CA1A7036E58AE95 /* Debug */ = {
			isa = XCBuildConfiguration;
			buildSettings = {
				ASSETCATALOG_COMPILER_APPICON_NAME = AppIcon;
				ASSETCATALOG_COMPILER_GLOBAL_ACCENT_COLOR_NAME = "";
				CODE_SIGN_STYLE = Automatic;
				CURRENT_PROJECT_VERSION = 1;
				DEVELOPMENT_TEAM = H674SXT546;
				GENERATE_INFOPLIST_FILE = NO;
				INFOPLIST_FILE = DarkFortress/Info.plist;
				LD_RUNPATH_SEARCH_PATHS = (
					"$(inherited)",
					"@executable_path/Frameworks",
				);
				MARKETING_VERSION = 0.2.0;
				PRODUCT_BUNDLE_IDENTIFIER = com.aaronshaver.darkfortress;
				PRODUCT_NAME = "$(TARGET_NAME)";
			};
			name = Debug;
		};
		716AE04E43117C953E8F643E /* Debug */ = {
			isa = XCBuildConfiguration;
			buildSettings = {
				CODE_SIGN_STYLE = Automatic;
				GENERATE_INFOPLIST_FILE = YES;
				LD_RUNPATH_SEARCH_PATHS = (
					"$(inherited)",
					"@executable_path/Frameworks",
				);
				PRODUCT_BUNDLE_IDENTIFIER = com.aaronshaver.darkfortress.DarkFortressUITests;
				PRODUCT_NAME = "$(TARGET_NAME)";
				TEST_TARGET_NAME = DarkFortress;
			};
			name = Debug;
		};
		877A6BA951A2EA0025A2ABE8 /* Debug */ = {
			isa = XCBuildConfiguration;
			buildSettings = {
				CLANG_ENABLE_MODULES = YES;
				CLANG_ENABLE_OBJC_ARC = YES;
				CLANG_WARN_DOCUMENTATION_COMMENTS = YES;
				DEBUG_INFORMATION_FORMAT = dwarf;
				ENABLE_STRICT_OBJC_MSGSEND = YES;
				ENABLE_TESTABILITY = YES;
				ENABLE_USER_SCRIPT_SANDBOXING = YES;
				GCC_WARN_UNDECLARED_SELECTOR = YES;
				GCC_WARN_UNUSED_FUNCTION = YES;
				GCC_WARN_UNUSED_VARIABLE = YES;
				IPHONEOS_DEPLOYMENT_TARGET = 16.0;
				ONLY_ACTIVE_ARCH = YES;
				SDKROOT = iphoneos;
				SUPPORTED_PLATFORMS = "iphoneos iphonesimulator";
				SUPPORTS_MACCATALYST = NO;
				SUPPORTS_MAC_DESIGNED_FOR_IPHONE_IPAD = NO;
				SWIFT_ACTIVE_COMPILATION_CONDITIONS = "DEBUG $(inherited)";
				SWIFT_OPTIMIZATION_LEVEL = "-Onone";
				SWIFT_VERSION = 5.0;
				TARGETED_DEVICE_FAMILY = 1;
			};
			name = Debug;
		};
		8DFB6A9C32D956E91954EA3D /* Release */ = {
			isa = XCBuildConfiguration;
			buildSettings = {
				BUNDLE_LOADER = "$(TEST_HOST)";
				CODE_SIGN_STYLE = Automatic;
				GENERATE_INFOPLIST_FILE = YES;
				LD_RUNPATH_SEARCH_PATHS = (
					"$(inherited)",
					"@executable_path/Frameworks",
				);
				PRODUCT_BUNDLE_IDENTIFIER = com.aaronshaver.darkfortress.FortressCoreTests;
				PRODUCT_NAME = "$(TARGET_NAME)";
				TEST_HOST = "$(BUILT_PRODUCTS_DIR)/DarkFortress.app/$(BUNDLE_EXECUTABLE_FOLDER_PATH)/DarkFortress";
			};
			name = Release;
		};
		959134B361DD7E21ADEA3164 /* Release */ = {
			isa = XCBuildConfiguration;
			buildSettings = {
				CLANG_ENABLE_MODULES = YES;
				CLANG_ENABLE_OBJC_ARC = YES;
				CLANG_WARN_DOCUMENTATION_COMMENTS = YES;
				DEBUG_INFORMATION_FORMAT = "dwarf-with-dsym";
				ENABLE_STRICT_OBJC_MSGSEND = YES;
				ENABLE_TESTABILITY = NO;
				ENABLE_USER_SCRIPT_SANDBOXING = YES;
				GCC_WARN_UNDECLARED_SELECTOR = YES;
				GCC_WARN_UNUSED_FUNCTION = YES;
				GCC_WARN_UNUSED_VARIABLE = YES;
				IPHONEOS_DEPLOYMENT_TARGET = 16.0;
				ONLY_ACTIVE_ARCH = NO;
				SDKROOT = iphoneos;
				SUPPORTED_PLATFORMS = "iphoneos iphonesimulator";
				SUPPORTS_MACCATALYST = NO;
				SUPPORTS_MAC_DESIGNED_FOR_IPHONE_IPAD = NO;
				SWIFT_ACTIVE_COMPILATION_CONDITIONS = "$(inherited)";
				SWIFT_OPTIMIZATION_LEVEL = "-O";
				SWIFT_VERSION = 5.0;
				TARGETED_DEVICE_FAMILY = 1;
			};
			name = Release;
		};
		C7965E2B3890735C36715904 /* Debug */ = {
			isa = XCBuildConfiguration;
			buildSettings = {
				BUNDLE_LOADER = "$(TEST_HOST)";
				CODE_SIGN_STYLE = Automatic;
				GENERATE_INFOPLIST_FILE = YES;
				LD_RUNPATH_SEARCH_PATHS = (
					"$(inherited)",
					"@executable_path/Frameworks",
				);
				PRODUCT_BUNDLE_IDENTIFIER = com.aaronshaver.darkfortress.FortressCoreTests;
				PRODUCT_NAME = "$(TARGET_NAME)";
				TEST_HOST = "$(BUILT_PRODUCTS_DIR)/DarkFortress.app/$(BUNDLE_EXECUTABLE_FOLDER_PATH)/DarkFortress";
			};
			name = Debug;
		};
/* End XCBuildConfiguration section */

/* Begin XCConfigurationList section */
		247BF104A9AD002C539DA531 /* Build configuration list for PBXProject "DarkFortress" */ = {
			isa = XCConfigurationList;
			buildConfigurations = (
				877A6BA951A2EA0025A2ABE8 /* Debug */,
				959134B361DD7E21ADEA3164 /* Release */,
			);
			defaultConfigurationIsVisible = 0;
			defaultConfigurationName = Release;
		};
		3245E772624D4EB8A2B66A0F /* Build configuration list for PBXNativeTarget "FortressCoreTests" */ = {
			isa = XCConfigurationList;
			buildConfigurations = (
				C7965E2B3890735C36715904 /* Debug */,
				8DFB6A9C32D956E91954EA3D /* Release */,
			);
			defaultConfigurationIsVisible = 0;
			defaultConfigurationName = Release;
		};
		352286E120CB3317D51F12DE /* Build configuration list for PBXNativeTarget "DarkFortress" */ = {
			isa = XCConfigurationList;
			buildConfigurations = (
				53418BF13CA1A7036E58AE95 /* Debug */,
				3432A7BE1CB338CDB992C5CA /* Release */,
			);
			defaultConfigurationIsVisible = 0;
			defaultConfigurationName = Release;
		};
		C7BCDD3982CA64FC951167C4 /* Build configuration list for PBXNativeTarget "DarkFortressUITests" */ = {
			isa = XCConfigurationList;
			buildConfigurations = (
				716AE04E43117C953E8F643E /* Debug */,
				1D0ACC58A3755B83C91D0507 /* Release */,
			);
			defaultConfigurationIsVisible = 0;
			defaultConfigurationName = Release;
		};
/* End XCConfigurationList section */

/* Begin XCLocalSwiftPackageReference section */
		6E4D73D8F50AAE34649E13FE /* XCLocalSwiftPackageReference "." */ = {
			isa = XCLocalSwiftPackageReference;
			relativePath = .;
		};
/* End XCLocalSwiftPackageReference section */

/* Begin XCSwiftPackageProductDependency section */
		79FDD98E6C444EFD88C4BCC0 /* FortressArt */ = {
			isa = XCSwiftPackageProductDependency;
			package = 6E4D73D8F50AAE34649E13FE /* XCLocalSwiftPackageReference "." */;
			productName = FortressArt;
		};
/* End XCSwiftPackageProductDependency section */
	};
	rootObject = 98F54143AB4E86B28C3AFEE0 /* Project object */;
}
